
Microsoft Visual Studio Solution File, Format Version 12.00
# Visual Studio 2013
VisualStudioVersion = 12.0.30723.0
MinimumVisualStudioVersion = 10.0.40219.1
Project("{FAE04EC0-301F-11D3-BF4B-00C04F79EFBC}") = "Atlas.Persistence", "src\Atlas.Persistence\Atlas.Persistence.csproj", "{E81A8F77-E25C-41E9-BD97-60FF4D8DB5F5}"
EndProject
Project("{FAE04EC0-301F-11D3-BF4B-00C04F79EFBC}") = "Atlas.Persistence.EntityFramework", "src\Atlas.Persistence.EntityFramework\Atlas.Persistence.EntityFramework.csproj", "{62CE261E-6B01-4A5B-8A97-2F5014BB356F}"
EndProject
Project("{FAE04EC0-301F-11D3-BF4B-00C04F79EFBC}") = "Atlas.Persistence.EntityFramework.Tests", "src\Atlas.Persistence.EntityFramework.Tests\Atlas.Persistence.EntityFramework.Tests.csproj", "{056DA1BB-6A59-4B7C-ABD7-E99A9633DC81}"
EndProject
Project("{2150E333-8FDC-42A3-9474-1A3956D46DE8}") = "Solution Items", "Solution Items", "{C4E0FC3A-77FC-4B06-9E02-D28BB49DCD79}"
	ProjectSection(SolutionItems) = preProject
		src\Atlas.Persistence.EntityFramework\Atlas.Persistence.EntityFramework.nuspec = src\Atlas.Persistence.EntityFramework\Atlas.Persistence.EntityFramework.nuspec
		Atlas.Persistence.nunit = Atlas.Persistence.nunit
		src\Atlas.Persistence\Atlas.Persistence.nuspec = src\Atlas.Persistence\Atlas.Persistence.nuspec
		src\Atlas.Persistence.Testing.SqlServer\Atlas.Persistence.Testing.SqlServer.nuspec = src\Atlas.Persistence.Testing.SqlServer\Atlas.Persistence.Testing.SqlServer.nuspec
		src\Settings.StyleCop = src\Settings.StyleCop
	EndProjectSection
EndProject
Project("{FAE04EC0-301F-11D3-BF4B-00C04F79EFBC}") = "Atlas.Persistence.Testing", "src\Atlas.Persistence.Testing\Atlas.Persistence.Testing.csproj", "{98BA5357-8897-4003-862E-10F1D3370A76}"
EndProject
Project("{2150E333-8FDC-42A3-9474-1A3956D46DE8}") = ".nuget", ".nuget", "{FC704FED-3644-4715-A4E9-E25988B771A5}"
	ProjectSection(SolutionItems) = preProject
		.nuget\packages.config = .nuget\packages.config
	EndProjectSection
EndProject
Project("{FAE04EC0-301F-11D3-BF4B-00C04F79EFBC}") = "Atlas.Persistence.Testing.SqlServer", "src\Atlas.Persistence.Testing.SqlServer\Atlas.Persistence.Testing.SqlServer.csproj", "{37E8DA6C-C3DC-4B5F-8038-7B7E07A02990}"
EndProject
Global
	GlobalSection(SolutionConfigurationPlatforms) = preSolution
		Debug|Any CPU = Debug|Any CPU
		Release|Any CPU = Release|Any CPU
	EndGlobalSection
	GlobalSection(ProjectConfigurationPlatforms) = postSolution
		{E81A8F77-E25C-41E9-BD97-60FF4D8DB5F5}.Debug|Any CPU.ActiveCfg = Debug|Any CPU
		{E81A8F77-E25C-41E9-BD97-60FF4D8DB5F5}.Debug|Any CPU.Build.0 = Debug|Any CPU
		{E81A8F77-E25C-41E9-BD97-60FF4D8DB5F5}.Release|Any CPU.ActiveCfg = Release|Any CPU
		{E81A8F77-E25C-41E9-BD97-60FF4D8DB5F5}.Release|Any CPU.Build.0 = Release|Any CPU
		{62CE261E-6B01-4A5B-8A97-2F5014BB356F}.Debug|Any CPU.ActiveCfg = Debug|Any CPU
		{62CE261E-6B01-4A5B-8A97-2F5014BB356F}.Debug|Any CPU.Build.0 = Debug|Any CPU
		{62CE261E-6B01-4A5B-8A97-2F5014BB356F}.Release|Any CPU.ActiveCfg = Release|Any CPU
		{62CE261E-6B01-4A5B-8A97-2F5014BB356F}.Release|Any CPU.Build.0 = Release|Any CPU
		{056DA1BB-6A59-4B7C-ABD7-E99A9633DC81}.Debug|Any CPU.ActiveCfg = Debug|Any CPU
		{056DA1BB-6A59-4B7C-ABD7-E99A9633DC81}.Debug|Any CPU.Build.0 = Debug|Any CPU
		{056DA1BB-6A59-4B7C-ABD7-E99A9633DC81}.Release|Any CPU.ActiveCfg = Release|Any CPU
		{056DA1BB-6A59-4B7C-ABD7-E99A9633DC81}.Release|Any CPU.Build.0 = Release|Any CPU
		{98BA5357-8897-4003-862E-10F1D3370A76}.Debug|Any CPU.ActiveCfg = Debug|Any CPU
		{98BA5357-8897-4003-862E-10F1D3370A76}.Debug|Any CPU.Build.0 = Debug|Any CPU
		{98BA5357-8897-4003-862E-10F1D3370A76}.Release|Any CPU.ActiveCfg = Release|Any CPU
		{98BA5357-8897-4003-862E-10F1D3370A76}.Release|Any CPU.Build.0 = Release|Any CPU
		{37E8DA6C-C3DC-4B5F-8038-7B7E07A02990}.Debug|Any CPU.ActiveCfg = Debug|Any CPU
		{37E8DA6C-C3DC-4B5F-8038-7B7E07A02990}.Debug|Any CPU.Build.0 = Debug|Any CPU
		{37E8DA6C-C3DC-4B5F-8038-7B7E07A02990}.Release|Any CPU.ActiveCfg = Release|Any CPU
		{37E8DA6C-C3DC-4B5F-8038-7B7E07A02990}.Release|Any CPU.Build.0 = Release|Any CPU
	EndGlobalSection
	GlobalSection(SolutionProperties) = preSolution
		HideSolutionNode = FALSE
	EndGlobalSection
EndGlobal
